github.com/IGLOU-EU/go-wildcard/v2 v2.0.2 h1:eQ0nOlEyGfM0NiemevUK55JoNu3IW9R8eRFZMc/apyU=
github.com/IGLOU-EU/go-wildcard/v2 v2.0.2/go.mod h1:/sUMQ5dk2owR0ZcjRI/4AZ+bUFF5DxGCQrDMNBXUf5o=
github.com/andreykaipov/goobs v1.5.2 h1:8qhJmYBBLkCznas7fPGjNwHoIm9FTtuR4cwCd3o1xtA=
github.com/andreykaipov/goobs v1.5.2/go.mod h1:yE6JutVAl1vLcABwfX7OcPcShTG9eABUUfoUj/y5Xc0=
github.com/buger/jsonparser v1.1.1 h1:2PnMjfWD7wBILjqQbt530v576A/cAbQvEW9gGIpYMUs=
github.com/buger/jsonparser v1.1.1/go.mod h1:6RYKKt7H4d4+iWqouImQ9R2FZql3VbhNgx27UK13J/0=
github.com/davecgh/go-spew v1.1.0/go.mod h1:J7Y8YcW2NihsgmVo/mv3lAwl/skON4iLHjSsI+c5H38=
github.com/davecgh/go-spew v1.1.1 h1:vj9j/u1bqnvCEfJOwUhtlOARqs3+rkHYY13jYWTU97c=
github.com/davecgh/go-spew v1.1.1/go.mod h1:J7Y8YcW2NihsgmVo/mv3lAwl/skON4iLHjSsI+c5H38=
github.com/facebookincubator/go-belt v0.0.0-20240707112111-9cf347bf49e2 h1:TjgMDyXmX5ZGuDDS98ol5CLcVtrIGHNwQtA24Z2xBrY=
github.com/facebookincubator/go-belt v0.0.0-20240707112111-9cf347bf49e2/go.mod h1:BLkOQHXT14GLgKvM22LB/fDcq1stjijrTOJQEk3xrUA=
github.com/go-ng/slices v0.0.0-20230703171042-6195d35636a2 h1:UkoycH6lT7QfBw3LqHLe6GdFRhxScvVaI7A5oiAjy5s=
github.com/go-ng/slices v0.0.0-20230703171042-6195d35636a2/go.mod h1:bVEceuoz83G4yjq9Os7lCYe+lf46uY8EFEHkxSCywvM=
github.com/go-ng/sort v0.0.0-20220617173827-2cc7cd04f7c7 h1:Ng6QMSlQSB+goG6430/Fp7O4YO2BJZXZJaldtg+7kEc=
github.com/go-ng/sort v0.0.0-20220617173827-2cc7cd04f7c7/go.mod h1:QUXmOopthsqLYJ+rAybuCf16J7qQm60TLVdQR0w1Nus=
github.com/go-ng/xatomic v0.0.0-20230519181013-85c0ec87e55f h1:lifmuIc/S/hzVoStbEAsdryJ6qBSNeXXb9NseP0vlfs=
github.com/go-ng/xatomic v0.0.0-20230519181013-85c0ec87e55f/go.mod h1:+3P6aQ4zDVR6jGPnXq3g/7kHnKLB73EsnGBhM0adWhA=
github.com/go-ng/xsort v0.0.0-20220617174223-1d146907bccc h1:VNz633GRJx2/hL0SpBNoNlLid4xtyi7LSJP1kHpD2Fo=
github.com/go-ng/xsort v0.0.0-20220617174223-1d146907bccc/go.mod h1:Pz/V4pxeXP0hjBlXIrm2ehR0GJ0l4Bon3fsOl6TmoJs=
github.com/google/uuid v1.3.0 h1:t6JiXgmwXMjEs8VusXIJk2BXHsn+wx8BZdTaoZ5fu7I=
github.com/google/uuid v1.3.0/go.mod h1:TIyPZe4MgqvfeYDBFedMoGGpEw/LqOeaOT+nhxU+yHo=
github.com/gorilla/websocket v1.5.3 h1:saDtZ6Pbx/0u+bgYQ3q96pZgCzfhKXGPqt7kZ72aNNg=
github.com/gorilla/websocket v1.5.3/go.mod h1:YR8l580nyteQvAITg2hZ9XVh4b55+EU/adAjf1fMHhE=
github.com/hashicorp/logutils v1.0.0 h1:dLEQVugN8vlakKOUE3ihGLTZJRB4j+M2cdTm/ORI65Y=
github.com/hashicorp/logutils v1.0.0/go.mod h1:QIAnNjmIWmVIIkWDTG1z5v++HQmx9WQRO+LraFDTW64=
github.com/mitchellh/mapstructure v1.5.0 h1:jeMsZIYE/09sWLaz43PL7Gy6RuMjD2eJVyuac5Z2hdY=
github.com/mitchellh/mapstructure v1.5.0/go.mod h1:bFUtVrKA4DC2yAKiSyO/QUcy7e+RRV2QTWOzhPopBRo=
github.com/mmcloughlin/profile v0.1.1 h1:jhDmAqPyebOsVDOCICJoINoLb/AnLBaUw58nFzxWS2w=
github.com/mmcloughlin/profile v0.1.1/go.mod h1:IhHD7q1ooxgwTgjxQYkACGA77oFTDdFVejUS1/tS/qU=
github.com/nu7hatch/gouuid v0.0.0-20131221200532-179d4d0c4d8d h1:VhgPp6v9qf9Agr/56bj7Y/xa04UccTW04VP0Qed4vnQ=
github.com/nu7hatch/gouuid v0.0.0-20131221200532-179d4d0c4d8d/go.mod h1:YUTz3bUH2ZwIWBy3CJBeOBEugqcmXREj14T+iG/4k4U=
github.com/pmezard/go-difflib v1.0.0 h1:4DBwDE0NGyQoBHbLQYPwSUPoCMWR5BEzIk/f1lZbAQM=
github.com/pmezard/go-difflib v1.0.0/go.mod h1:iKH77koFhYxTK1pcRnkKkqfTogsbg7gZNVY4sRDYZ/4=
github.com/sirupsen/logrus v1.9.3 h1:dueUQJ1C2q9oE3F7wvmSGAaVtTmUizReu6fjN8uqzbQ=
github.com/sirupsen/logrus v1.9.3/go.mod h1:naHLuLoDiP4jHNo9R0sCBMtWGeIprob74mVsIT4qYEQ=
github.com/spf13/pflag v1.0.5 h1:iy+VFUOCP1a+8yFto/drg2CJ5u0yRoB7fZw3DKv/JXA=
github.com/spf13/pflag v1.0.5/go.mod h1:McXfInJRrz4CZXVZOBLb0bTZqETkiAhM9Iw0y3An2Bg=
github.com/stretchr/objx v0.1.0/go.mod h1:HFkY916IF+rwdDfMAkV7OtwuqBVzrE8GR6GFx+wExME=
github.com/stretchr/testify v1.7.0/go.mod h1:6Fq8oRcR53rry900zMqJjRRixrwX3KX962/h/Wwjteg=
github.com/stretchr/testify v1.9.0 h1:HtqpIVDClZ4nwg75+f6Lvsy/wHu+3BoSGCbBAcpTsTg=
github.com/stretchr/testify v1.9.0/go.mod h1:r2ic/lqez/lEtzL7wO/rwa5dbSLXVDPFyf8C91i36aY=
golang.org/x/exp v0.0.0-20230626212559-97b1e661b5df h1:UA2aFVmmsIlefxMk29Dp2juaUSth8Pyn3Tq5Y5mJGME=
golang.org/x/exp v0.0.0-20230626212559-97b1e661b5df/go.mod h1:FXUEEKJgO7OQYeo8N01OfiKP8RXMtf6e8aTskBGqWdc=
golang.org/x/sys v0.0.0-20220715151400-c0bba94af5f8/go.mod h1:oPkhp1MJrh7nUepCBck5+mAzfO9JrbApNNgaTdGDITg=
golang.org/x/sys v0.9.0 h1:KS/R3tvhPqvJvwcKfnBHJwwthS11LRhmM5D59eEXa0s=
golang.org/x/sys v0.9.0/go.mod h1:oPkhp1MJrh7nUepCBck5+mAzfO9JrbApNNgaTdGDITg=
gopkg.in/check.v1 v0.0.0-20161208181325-20d25e280405 h1:yhCVgyC4o1eVCa2tZl7eS0r+SDo693bJlVdllGtEeKM=
gopkg.in/check.v1 v0.0.0-20161208181325-20d25e280405/go.mod h1:Co6ibVJAznAaIkqp8huTwlJQCZ016jof/cbN4VW5Yz0=
gopkg.in/yaml.v3 v3.0.0-20200313102051-9f266ea9e77c/go.mod h1:K4uyk7z7BCEPqu6E+C64Yfv1cQ7kz7rIZviUmN+EgEM=
gopkg.in/yaml.v3 v3.0.1 h1:fxVm/GzAzEWqLHuvctI91KS9hhNmmWOoWu0XTYJS7CA=
gopkg.in/yaml.v3 v3.0.1/go.mod h1:K4uyk7z7BCEPqu6E+C64Yfv1cQ7kz7rIZviUmN+EgEM=
